// !$*UTF8*$!
{
	archiveVersion = 1;
	classes = {
	};
	objectVersion = 50;
	objects = {

/* Begin PBXBuildFile section */
		EF50195F262C9C4A0022667D /* StateView.swift in Sources */ = {isa = PBXBuildFile; fileRef = EF50195E262C9C4A0022667D /* StateView.swift */; };
		EF501967262C9E2C0022667D /* ListView.swift in Sources */ = {isa = PBXBuildFile; fileRef = EF501966262C9E2C0022667D /* ListView.swift */; };
		EF50196C262CA1AD0022667D /* BindingView.swift in Sources */ = {isa = PBXBuildFile; fileRef = EF50196B262CA1AD0022667D /* BindingView.swift */; };
		EF50196F262CB1C50022667D /* ObservableObjectView.swift in Sources */ = {isa = PBXBuildFile; fileRef = EF50196E262CB1C50022667D /* ObservableObjectView.swift */; };
		EF501972262CB5130022667D /* UserSettings.swift in Sources */ = {isa = PBXBuildFile; fileRef = EF501971262CB5130022667D /* UserSettings.swift */; };
		EF8B87CB261210B500CD142E /* AppDelegate.swift in Sources */ = {isa = PBXBuildFile; fileRef = EF8B87CA261210B500CD142E /* AppDelegate.swift */; };
		EF8B87CD261210B500CD142E /* SceneDelegate.swift in Sources */ = {isa = PBXBuildFile; fileRef = EF8B87CC261210B500CD142E /* SceneDelegate.swift */; };
		EF8B87CF261210B500CD142E /* ContentView.swift in Sources */ = {isa = PBXBuildFile; fileRef = EF8B87CE261210B500CD142E /* ContentView.swift */; };
		EF8B87D1261210B700CD142E /* Assets.xcassets in Resources */ = {isa = PBXBuildFile; fileRef = EF8B87D0261210B700CD142E /* Assets.xcassets */; };
		EF8B87D4261210B700CD142E /* Preview Assets.xcassets in Resources */ = {isa = PBXBuildFile; fileRef = EF8B87D3261210B700CD142E /* Preview Assets.xcassets */; };
		EF8B87D7261210B700CD142E /* LaunchScreen.storyboard in Resources */ = {isa = PBXBuildFile; fileRef = EF8B87D5261210B700CD142E /* LaunchScreen.storyboard */; };
/* End PBXBuildFile section */

/* Begin PBXFileReference section */
		EF50195E262C9C4A0022667D /* StateView.swift */ = {isa = PBXFileReference; lastKnownFileType = sourcecode.swift; path = StateView.swift; sourceTree = "<group>"; };
		EF501966262C9E2C0022667D /* ListView.swift */ = {isa = PBXFileReference; lastKnownFileType = sourcecode.swift; path = ListView.swift; sourceTree = "<group>"; };
		EF50196B262CA1AD0022667D /* BindingView.swift */ = {isa = PBXFileReference; lastKnownFileType = sourcecode.swift; path = BindingView.swift; sourceTree = "<group>"; };
		EF50196E262CB1C50022667D /* ObservableObjectView.swift */ = {isa = PBXFileReference; lastKnownFileType = sourcecode.swift; path = ObservableObjectView.swift; sourceTree = "<group>"; };
		EF501971262CB5130022667D /* UserSettings.swift */ = {isa = PBXFileReference; lastKnownFileType = sourcecode.swift; path = UserSettings.swift; sourceTree = "<group>"; };
		EF8B87C7261210B500CD142E /* grid.app */ = {isa = PBXFileReference; explicitFileType = wrapper.application; includeInIndex = 0; path = grid.app; sourceTree = BUILT_PRODUCTS_DIR; };
		EF8B87CA261210B500CD142E /* AppDelegate.swift */ = {isa = PBXFileReference; lastKnownFileType = sourcecode.swift; path = AppDelegate.swift; sourceTree = "<group>"; };
		EF8B87CC261210B500CD142E /* SceneDelegate.swift */ = {isa = PBXFileReference; lastKnownFileType = sourcecode.swift; path = SceneDelegate.swift; sourceTree = "<group>"; };
		EF8B87CE261210B500CD142E /* ContentView.swift */ = {isa = PBXFileReference; lastKnownFileType = sourcecode.swift; path = ContentView.swift; sourceTree = "<group>"; };
		EF8B87D0261210B700CD142E /* Assets.xcassets */ = {isa = PBXFileReference; lastKnownFileType = folder.assetcatalog; path = Assets.xcassets; sourceTree = "<group>"; };
		EF8B87D3261210B700CD142E /* Preview Assets.xcassets */ = {isa = PBXFileReference; lastKnownFileType = folder.assetcatalog; path = "Preview Assets.xcassets"; sourceTree = "<group>"; };
		EF8B87D6261210B700CD142E /* Base */ = {isa = PBXFileReference; lastKnownFileType = file.storyboard; name = Base; path = Base.lproj/LaunchScreen.storyboard; sourceTree = "<group>"; };
		EF8B87D8261210B700CD142E /* Info.plist */ = {isa = PBXFileReference; lastKnownFileType = text.plist.xml; path = Info.plist; sourceTree = "<group>"; };
/* End PBXFileReference section */

/* Begin PBXFrameworksBuildPhase section */
		EF8B87C4261210B500CD142E /* Frameworks */ = {
			isa = PBXFrameworksBuildPhase;
			buildActionMask = 2147483647;
			files = (
			);
			runOnlyForDeploymentPostprocessing = 0;
		};
/* End PBXFrameworksBuildPhase section */

/* Begin PBXGroup section */
		EF50196A262CA1600022667D /* View */ = {
			isa = PBXGroup;
			children = (
				EF8B87CE261210B500CD142E /* ContentView.swift */,
				EF50195E262C9C4A0022667D /* StateView.swift */,
				EF501966262C9E2C0022667D /* ListView.swift */,
				EF50196B262CA1AD0022667D /* BindingView.swift */,
				EF50196E262CB1C50022667D /* ObservableObjectView.swift */,
			);
			path = View;
			sourceTree = "<group>";
		};
		EF8B87BE261210B500CD142E = {
			isa = PBXGroup;
			children = (
				EF8B87C9261210B500CD142E /* grid */,
				EF8B87C8261210B500CD142E /* Products */,
			);
			sourceTree = "<group>";
		};
		EF8B87C8261210B500CD142E /* Products */ = {
			isa = PBXGroup;
			children = (
				EF8B87C7261210B500CD142E /* grid.app */,
			);
			name = Products;
			sourceTree = "<group>";
		};
		EF8B87C9261210B500CD142E /* grid */ = {
			isa = PBXGroup;
			children = (
				EF50196A262CA1600022667D /* View */,
				EF8B87CA261210B500CD142E /* AppDelegate.swift */,
				EF501971262CB5130022667D /* UserSettings.swift */,
				EF8B87CC261210B500CD142E /* SceneDelegate.swift */,
				EF8B87D0261210B700CD142E /* Assets.xcassets */,
				EF8B87D5261210B700CD142E /* LaunchScreen.storyboard */,
				EF8B87D8261210B700CD142E /* Info.plist */,
				EF8B87D2261210B700CD142E /* Preview Content */,
			);
			path = grid;
			sourceTree = "<group>";
		};
		EF8B87D2261210B700CD142E /* Preview Content */ = {
			isa = PBXGroup;
			children = (
				EF8B87D3261210B700CD142E /* Preview Assets.xcassets */,
			);
			path = "Preview Content";
			sourceTree = "<group>";
		};
/* End PBXGroup section */

/* Begin PBXNativeTarget section */
		EF8B87C6261210B500CD142E /* grid */ = {
			isa = PBXNativeTarget;
			buildConfigurationList = EF8B87DB261210B700CD142E /* Build configuration list for PBXNativeTarget "grid" */;
			buildPhases = (
				EF8B87C3261210B500CD142E /* Sources */,
				EF8B87C4261210B500CD142E /* Frameworks */,
				EF8B87C5261210B500CD142E /* Resources */,
			);
			buildRules = (
			);
			dependencies = (
			);
			name = grid;
			productName = grid;
			productReference = EF8B87C7261210B500CD142E /* grid.app */;
			productType = "com.apple.product-type.application";
		};
/* End PBXNativeTarget section */

/* Begin PBXProject section */
		EF8B87BF261210B500CD142E /* Project object */ = {
			isa = PBXProject;
			attributes = {
				LastSwiftUpdateCheck = 1230;
				LastUpgradeCheck = 1230;
				TargetAttributes = {
					EF8B87C6261210B500CD142E = {
						CreatedOnToolsVersion = 12.3;
					};
				};
			};
			buildConfigurationList = EF8B87C2261210B500CD142E /* Build configuration list for PBXProject "grid" */;
			compatibilityVersion = "Xcode 9.3";
			developmentRegion = en;
			hasScannedForEncodings = 0;
			knownRegions = (
				en,
				Base,
			);
			mainGroup = EF8B87BE261210B500CD142E;
			productRefGroup = EF8B87C8261210B500CD142E /* Products */;
			projectDirPath = "";
			projectRoot = "";
			targets = (
				EF8B87C6261210B500CD142E /* grid */,
			);
		};
/* End PBXProject section */

/* Begin PBXResourcesBuildPhase section */
		EF8B87C5261210B500CD142E /* Resources */ = {
			isa = PBXResourcesBuildPhase;
			buildActionMask = 2147483647;
			files = (
				EF8B87D7261210B700CD142E /* LaunchScreen.storyboard in Resources */,
				EF8B87D4261210B700CD142E /* Preview Assets.xcassets in Resources */,
				EF8B87D1261210B700CD142E /* Assets.xcassets in Resources */,
			);
			runOnlyForDeploymentPostprocessing = 0;
		};
/* End PBXResourcesBuildPhase section */

/* Begin PBXSourcesBuildPhase section */
		EF8B87C3261210B500CD142E /* Sources */ = {
			isa = PBXSourcesBuildPhase;
			buildActionMask = 2147483647;
			files = (
				EF8B87CB261210B500CD142E /* AppDelegate.swift in Sources */,
				EF8B87CD261210B500CD142E /* SceneDelegate.swift in Sources */,
				EF50196C262CA1AD0022667D /* BindingView.swift in Sources */,
				EF501967262C9E2C0022667D /* ListView.swift in Sources */,
				EF501972262CB5130022667D /* UserSettings.swift in Sources */,
				EF50196F262CB1C50022667D /* ObservableObjectView.swift in Sources */,
				EF50195F262C9C4A0022667D /* StateView.swift in Sources */,
				EF8B87CF261210B500CD142E /* ContentView.swift in Sources */,
			);
			runOnlyForDeploymentPostprocessing = 0;
		};
/* End PBXSourcesBuildPhase section */

/* Begin PBXVariantGroup section */
		EF8B87D5261210B700CD142E /* LaunchScreen.storyboard */ = {
			isa = PBXVariantGroup;
			children = (
				EF8B87D6261210B700CD142E /* Base */,
			);
			name = LaunchScreen.storyboard;
			sourceTree = "<group>";
		};
/* End PBXVariantGroup section */

/* Begin XCBuildConfiguration section */
		EF8B87D9261210B700CD142E /* Debug */ = {
			isa = XCBuildConfiguration;
			buildSettings = {
				ALWAYS_SEARCH_USER_PATHS = NO;
				CLANG_ANALYZER_NONNULL = YES;
				CLANG_ANALYZER_NUMBER_OBJECT_CONVERSION = YES_AGGRESSIVE;
				CLANG_CXX_LANGUAGE_STANDARD = "gnu++14";
				CLANG_CXX_LIBRARY = "libc++";
				CLANG_ENABLE_MODULES = YES;
				CLANG_ENABLE_OBJC_ARC = YES;
				CLANG_ENABLE_OBJC_WEAK = YES;
				CLANG_WARN_BLOCK_CAPTURE_AUTORELEASING = YES;
				CLANG_WARN_BOOL_CONVERSION = YES;
				CLANG_WARN_COMMA = YES;
				CLANG_WARN_CONSTANT_CONVERSION = YES;
				CLANG_WARN_DEPRECATED_OBJC_IMPLEMENTATIONS = YES;
				CLANG_WARN_DIRECT_OBJC_ISA_USAGE = YES_ERROR;
				CLANG_WARN_DOCUMENTATION_COMMENTS = YES;
				CLANG_WARN_EMPTY_BODY = YES;
				CLANG_WARN_ENUM_CONVERSION = YES;
				CLANG_WARN_INFINITE_RECURSION = YES;
				CLANG_WARN_INT_CONVERSION = YES;
				CLANG_WARN_NON_LITERAL_NULL_CONVERSION = YES;
				CLANG_WARN_OBJC_IMPLICIT_RETAIN_SELF = YES;
				CLANG_WARN_OBJC_LITERAL_CONVERSION = YES;
				CLANG_WARN_OBJC_ROOT_CLASS = YES_ERROR;
				CLANG_WARN_QUOTED_INCLUDE_IN_FRAMEWORK_HEADER = YES;
				CLANG_WARN_RANGE_LOOP_ANALYSIS = YES;
				CLANG_WARN_STRICT_PROTOTYPES = YES;
				CLANG_WARN_SUSPICIOUS_MOVE = YES;
				CLANG_WARN_UNGUARDED_AVAILABILITY = YES_AGGRESSIVE;
				CLANG_WARN_UNREACHABLE_CODE = YES;
				CLANG_WARN__DUPLICATE_METHOD_MATCH = YES;
				COPY_PHASE_STRIP = NO;
				DEBUG_INFORMATION_FORMAT = dwarf;
				ENABLE_STRICT_OBJC_MSGSEND = YES;
				ENABLE_TESTABILITY = YES;
				GCC_C_LANGUAGE_STANDARD = gnu11;
				GCC_DYNAMIC_NO_PIC = NO;
				GCC_NO_COMMON_BLOCKS = YES;
				GCC_OPTIMIZATION_LEVEL = 0;
				GCC_PREPROCESSOR_DEFINITIONS = (
					"DEBUG=1",
					"$(inherited)",
				);
				GCC_WARN_64_TO_32_BIT_CONVERSION = YES;
				GCC_WARN_ABOUT_RETURN_TYPE = YES_ERROR;
				GCC_WARN_UNDECLARED_SELECTOR = YES;
				GCC_WARN_UNINITIALIZED_AUTOS = YES_AGGRESSIVE;
				GCC_WARN_UNUSED_FUNCTION = YES;
				GCC_WARN_UNUSED_VARIABLE = YES;
				IPHONEOS_DEPLOYMENT_TARGET = 14.3;
				MTL_ENABLE_DEBUG_INFO = INCLUDE_SOURCE;
				MTL_FAST_MATH = YES;
				ONLY_ACTIVE_ARCH = YES;
				SDKROOT = iphoneos;
				SWIFT_ACTIVE_COMPILATION_CONDITIONS = DEBUG;
				SWIFT_OPTIMIZATION_LEVEL = "-Onone";
			};
			name = Debug;
		};
		EF8B87DA261210B700CD142E /* Release */ = {
			isa = XCBuildConfiguration;
			buildSettings = {
				ALWAYS_SEARCH_USER_PATHS = NO;
				CLANG_ANALYZER_NONNULL = YES;
				CLANG_ANALYZER_NUMBER_OBJECT_CONVERSION = YES_AGGRESSIVE;
				CLANG_CXX_LANGUAGE_STANDARD = "gnu++14";
				CLANG_CXX_LIBRARY = "libc++";
				CLANG_ENABLE_MODULES = YES;
				CLANG_ENABLE_OBJC_ARC = YES;
				CLANG_ENABLE_OBJC_WEAK = YES;
				CLANG_WARN_BLOCK_CAPTURE_AUTORELEASING = YES;
				CLANG_WARN_BOOL_CONVERSION = YES;
				CLANG_WARN_COMMA = YES;
				CLANG_WARN_CONSTANT_CONVERSION = YES;
				CLANG_WARN_DEPRECATED_OBJC_IMPLEMENTATIONS = YES;
				CLANG_WARN_DIRECT_OBJC_ISA_USAGE = YES_ERROR;
				CLANG_WARN_DOCUMENTATION_COMMENTS = YES;
				CLANG_WARN_EMPTY_BODY = YES;
				CLANG_WARN_ENUM_CONVERSION = YES;
				CLANG_WARN_INFINITE_RECURSION = YES;
				CLANG_WARN_INT_CONVERSION = YES;
				CLANG_WARN_NON_LITERAL_NULL_CONVERSION = YES;
				CLANG_WARN_OBJC_IMPLICIT_RETAIN_SELF = YES;
				CLANG_WARN_OBJC_LITERAL_CONVERSION = YES;
				CLANG_WARN_OBJC_ROOT_CLASS = YES_ERROR;
				CLANG_WARN_QUOTED_INCLUDE_IN_FRAMEWORK_HEADER = YES;
				CLANG_WARN_RANGE_LOOP_ANALYSIS = YES;
				CLANG_WARN_STRICT_PROTOTYPES = YES;
				CLANG_WARN_SUSPICIOUS_MOVE = YES;
				CLANG_WARN_UNGUARDED_AVAILABILITY = YES_AGGRESSIVE;
				CLANG_WARN_UNREACHABLE_CODE = YES;
				CLANG_WARN__DUPLICATE_METHOD_MATCH = YES;
				COPY_PHASE_STRIP = NO;
				DEBUG_INFORMATION_FORMAT = "dwarf-with-dsym";
				ENABLE_NS_ASSERTIONS = NO;
				ENABLE_STRICT_OBJC_MSGSEND = YES;
				GCC_C_LANGUAGE_STANDARD = gnu11;
				GCC_NO_COMMON_BLOCKS = YES;
				GCC_WARN_64_TO_32_BIT_CONVERSION = YES;
				GCC_WARN_ABOUT_RETURN_TYPE = YES_ERROR;
				GCC_WARN_UNDECLARED_SELECTOR = YES;
				GCC_WARN_UNINITIALIZED_AUTOS = YES_AGGRESSIVE;
				GCC_WARN_UNUSED_FUNCTION = YES;
				GCC_WARN_UNUSED_VARIABLE = YES;
				IPHONEOS_DEPLOYMENT_TARGET = 14.3;
				MTL_ENABLE_DEBUG_INFO = NO;
				MTL_FAST_MATH = YES;
				SDKROOT = iphoneos;
				SWIFT_COMPILATION_MODE = wholemodule;
				SWIFT_OPTIMIZATION_LEVEL = "-O";
				VALIDATE_PRODUCT = YES;
			};
			name = Release;
		};
		EF8B87DC261210B700CD142E /* Debug */ = {
			isa = XCBuildConfiguration;
			buildSettings = {
				ASSETCATALOG_COMPILER_APPICON_NAME = AppIcon;
				ASSETCATALOG_COMPILER_GLOBAL_ACCENT_COLOR_NAME = AccentColor;
				CODE_SIGN_STYLE = Automatic;
				DEVELOPMENT_ASSET_PATHS = "\"grid/Preview Content\"";
				ENABLE_PREVIEWS = YES;
				INFOPLIST_FILE = grid/Info.plist;
				LD_RUNPATH_SEARCH_PATHS = (
					"$(inherited)",
					"@executable_path/Frameworks",
				);
				PRODUCT_BUNDLE_IDENTIFIER = com.ozgun.grid;
				PRODUCT_NAME = "$(TARGET_NAME)";
				SWIFT_VERSION = 5.0;
				TARGETED_DEVICE_FAMILY = "1,2";
			};
			name = Debug;
		};
		EF8B87DD261210B700CD142E /* Release */ = {
			isa = XCBuildConfiguration;
			buildSettings = {
				ASSETCATALOG_COMPILER_APPICON_NAME = AppIcon;
				ASSETCATALOG_COMPILER_GLOBAL_ACCENT_COLOR_NAME = AccentColor;
				CODE_SIGN_STYLE = Automatic;
				DEVELOPMENT_ASSET_PATHS = "\"grid/Preview Content\"";
				ENABLE_PREVIEWS = YES;
				INFOPLIST_FILE = grid/Info.plist;
				LD_RUNPATH_SEARCH_PATHS = (
					"$(inherited)",
					"@executable_path/Frameworks",
				);
				PRODUCT_BUNDLE_IDENTIFIER = com.ozgun.grid;
				PRODUCT_NAME = "$(TARGET_NAME)";
				SWIFT_VERSION = 5.0;
				TARGETED_DEVICE_FAMILY = "1,2";
			};
			name = Release;
		};
/* End XCBuildConfiguration section */

/* Begin XCConfigurationList section */
		EF8B87C2261210B500CD142E /* Build configuration list for PBXProject "grid" */ = {
			isa = XCConfigurationList;
			buildConfigurations = (
				EF8B87D9261210B700CD142E /* Debug */,
				EF8B87DA261210B700CD142E /* Release */,
			);
			defaultConfigurationIsVisible = 0;
			defaultConfigurationName = Release;
		};
		EF8B87DB261210B700CD142E /* Build configuration list for PBXNativeTarget "grid" */ = {
			isa = XCConfigurationList;
			buildConfigurations = (
				EF8B87DC261210B700CD142E /* Debug */,
				EF8B87DD261210B700CD142E /* Release */,
			);
			defaultConfigurationIsVisible = 0;
			defaultConfigurationName = Release;
		};
/* End XCConfigurationList section */
	};
	rootObject = EF8B87BF261210B500CD142E /* Project object */;
}
